
Microsoft Visual Studio Solution File, Format Version 12.00
# Visual Studio Version 16
VisualStudioVersion = 16.0.30413.136
MinimumVisualStudioVersion = 10.0.40219.1
Project("{FAE04EC0-301F-11D3-BF4B-00C04F79EFBC}") = "TotalHospitalCharges", "TotalHospitalCharges\TotalHospitalCharges.csproj", "{300C45C1-CCBF-488C-A04E-B68C298D57AD}"
EndProject
Global
	GlobalSection(SolutionConfigurationPlatforms) = preSolution
		Debug|Any CPU = Debug|Any CPU
		Release|Any CPU = Release|Any CPU
	EndGlobalSection
	GlobalSection(ProjectConfigurationPlatforms) = postSolution
		{300C45C1-CCBF-488C-A04E-B68C298D57AD}.Debug|Any CPU.ActiveCfg = Debug|Any CPU
		{300C45C1-CCBF-488C-A04E-B68C298D57AD}.Debug|Any CPU.Build.0 = Debug|Any CPU
		{300C45C1-CCBF-488C-A04E-B68C298D57AD}.Release|Any CPU.ActiveCfg = Release|Any CPU
		{300C45C1-CCBF-488C-A04E-B68C298D57AD}.Release|Any CPU.Build.0 = Release|Any CPU
	EndGlobalSection
	GlobalSection(SolutionProperties) = preSolution
		HideSolutionNode = FALSE
	EndGlobalSection
	GlobalSection(ExtensibilityGlobals) = postSolution
		SolutionGuid = {5D41D8B5-368B-47C0-8DA0-302B868F42CA}
	EndGlobalSection
EndGlobal
